Microsoft Visual Studio Solution File, Format Version 8.00
Project("{F184B08F-C81C-45F6-A57F-5ABD9991F28F}") = "nakedobjects-dotnet", "dot-net\nakedobjects-dotnet.vbproj", "{BC734D81-D554-4BD7-8ED6-26A33569ACC1}"
	ProjectSection(ProjectDependencies) = postProject
	EndProjectSection
EndProject
Global
	GlobalSection(SolutionConfiguration) = preSolution
		Debug = Debug
		Release = Release
	EndGlobalSection
	GlobalSection(ProjectConfiguration) = postSolution
		{BC734D81-D554-4BD7-8ED6-26A33569ACC1}.Debug.ActiveCfg = Debug|.NET
		{BC734D81-D554-4BD7-8ED6-26A33569ACC1}.Debug.Build.0 = Debug|.NET
		{BC734D81-D554-4BD7-8ED6-26A33569ACC1}.Release.ActiveCfg = Release|.NET
		{BC734D81-D554-4BD7-8ED6-26A33569ACC1}.Release.Build.0 = Release|.NET
	EndGlobalSection
	GlobalSection(ExtensibilityGlobals) = postSolution
	EndGlobalSection
	GlobalSection(ExtensibilityAddIns) = postSolution
	EndGlobalSection
EndGlobal
